
Microsoft Visual Studio Solution File, Format Version 12.00
# Visual Studio Version 17
VisualStudioVersion = 17.8.34316.72
MinimumVisualStudioVersion = 10.0.40219.1
Project("{FAE04EC0-301F-11D3-BF4B-00C04F79EFBC}") = "NetDelegateExampleApp", "NetDelegateExampleApp\NetDelegateExampleApp.csproj", "{B76DE03C-2177-4FD6-AD33-BD23EAB86B00}"
EndProject
Global
	GlobalSection(SolutionConfigurationPlatforms) = preSolution
		Debug|Any CPU = Debug|Any CPU
		Release|Any CPU = Release|Any CPU
	EndGlobalSection
	GlobalSection(ProjectConfigurationPlatforms) = postSolution
		{B76DE03C-2177-4FD6-AD33-BD23EAB86B00}.Debug|Any CPU.ActiveCfg = Debug|Any CPU
		{B76DE03C-2177-4FD6-AD33-BD23EAB86B00}.Debug|Any CPU.Build.0 = Debug|Any CPU
		{B76DE03C-2177-4FD6-AD33-BD23EAB86B00}.Release|Any CPU.ActiveCfg = Release|Any CPU
		{B76DE03C-2177-4FD6-AD33-BD23EAB86B00}.Release|Any CPU.Build.0 = Release|Any CPU
	EndGlobalSection
	GlobalSection(SolutionProperties) = preSolution
		HideSolutionNode = FALSE
	EndGlobalSection
	GlobalSection(ExtensibilityGlobals) = postSolution
		SolutionGuid = {92D0200E-EBEF-4B2E-9421-6A8CF3BDE463}
	EndGlobalSection
EndGlobal
